<?xml version="1.0" encoding="utf-8"?>
<Project ToolsVersion="4.0" xmlns="http://schemas.microsoft.com/developer/msbuild/2003">
  <ItemGroup>
    <Filter Include="World">
      <UniqueIdentifier>{b3a7c519-64e8-42f0-9d13-7c05a2e8b64f}</UniqueIdentifier>
    </Filter>
    <Filter Include="Motion">
      <UniqueIdentifier>{e07d1c83-5f26-4a9b-8c47-1b6039d5a2e8}</UniqueIdentifier>
    </Filter>
    <Filter Include="Tuning">
      <UniqueIdentifier>{2b95e4a1-8d70-4c36-a5f9-e483170c6d29}</UniqueIdentifier>
    </Filter>
    <Filter Include="Build">
      <UniqueIdentifier>{fa413e68-0b95-4d27-8e14-63c0a7f5928d}</UniqueIdentifier>
    </Filter>
  </ItemGroup>
  <ItemGroup>
    <ClInclude Include="pch.h">
      <Filter>Build</Filter>
    </ClInclude>
    <ClInclude Include="GameLogic.h">
      <Filter>Build</Filter>
    </ClInclude>
    <ClInclude Include="SimTuning.h">
      <Filter>Tuning</Filter>
    </ClInclude>
    <ClInclude Include="WorldPos.h">
      <Filter>World</Filter>
    </ClInclude>
    <ClInclude Include="WorldSnapshot.h">
      <Filter>World</Filter>
    </ClInclude>
    <ClInclude Include="ShipState.h">
      <Filter>World</Filter>
    </ClInclude>
    <ClInclude Include="HullSpec.h">
      <Filter>Tuning</Filter>
    </ClInclude>
    <ClInclude Include="Formation.h">
      <Filter>Motion</Filter>
    </ClInclude>
    <ClInclude Include="Movement.h">
      <Filter>Motion</Filter>
    </ClInclude>
    <ClInclude Include="Collision.h">
      <Filter>Motion</Filter>
    </ClInclude>
    <ClInclude Include="PathGrid.h">
      <Filter>Motion</Filter>
    </ClInclude>
    <ClInclude Include="SpatialIndex.h">
      <Filter>World</Filter>
    </ClInclude>
    <ClInclude Include="World.h">
      <Filter>World</Filter>
    </ClInclude>
  </ItemGroup>
  <ItemGroup>
    <ClCompile Include="pch.cpp">
      <Filter>Build</Filter>
    </ClCompile>
    <ClCompile Include="Formation.cpp">
      <Filter>Motion</Filter>
    </ClCompile>
    <ClCompile Include="Movement.cpp">
      <Filter>Motion</Filter>
    </ClCompile>
    <ClCompile Include="Collision.cpp">
      <Filter>Motion</Filter>
    </ClCompile>
    <ClCompile Include="PathGrid.cpp">
      <Filter>Motion</Filter>
    </ClCompile>
    <ClCompile Include="SpatialIndex.cpp">
      <Filter>World</Filter>
    </ClCompile>
    <ClCompile Include="WorldSnapshot.cpp">
      <Filter>World</Filter>
    </ClCompile>
    <ClCompile Include="World.cpp">
      <Filter>World</Filter>
    </ClCompile>
  </ItemGroup>
  <ItemGroup>
    <None Include="packages.config">
      <Filter>Build</Filter>
    </None>
  </ItemGroup>
</Project>
