<?xml version="1.0" encoding="utf-8"?>
<Project ToolsVersion="4.0" xmlns="http://schemas.microsoft.com/developer/msbuild/2003">
  <ItemGroup>
    <Filter Include="Render">
      <UniqueIdentifier>{7b2f4c88-3a19-4d5e-9f61-2c8b0d3a7e45}</UniqueIdentifier>
    </Filter>
    <Filter Include="Input">
      <UniqueIdentifier>{9e5a1d73-6c2b-4f08-a3d7-5b90e2c14f86}</UniqueIdentifier>
    </Filter>
    <Filter Include="View">
      <UniqueIdentifier>{1a8c3e57-4d90-4b26-8e15-7f2a6b09d3c4}</UniqueIdentifier>
    </Filter>
    <Filter Include="Shaders">
      <UniqueIdentifier>{3d81f2a6-47bc-4e09-95d1-8f620ab74e35}</UniqueIdentifier>
    </Filter>
    <Filter Include="Body">
      <UniqueIdentifier>{2c9d5b41-7e08-4f63-9a2d-6b41c7e0d582}</UniqueIdentifier>
    </Filter>
    <Filter Include="Build">
      <UniqueIdentifier>{6f0b7d92-8e34-4a51-b7c8-0d4e9a35f218}</UniqueIdentifier>
    </Filter>
  </ItemGroup>
  <ItemGroup>
    <ClInclude Include="pch.h">
      <Filter>Build</Filter>
    </ClInclude>
    <ClInclude Include="NeuronClient.h">
      <Filter>Build</Filter>
    </ClInclude>
    <ClInclude Include="RenderTypes.h">
      <Filter>Render</Filter>
    </ClInclude>
    <ClInclude Include="DdsImage.h">
      <Filter>Render</Filter>
    </ClInclude>
    <ClInclude Include="MeshData.h">
      <Filter>Render</Filter>
    </ClInclude>
    <ClInclude Include="Noise3.h">
      <Filter>Body</Filter>
    </ClInclude>
    <ClInclude Include="CubeSphere.h">
      <Filter>Body</Filter>
    </ClInclude>
    <ClInclude Include="BodyDesc.h">
      <Filter>Body</Filter>
    </ClInclude>
    <ClInclude Include="BodyParams.h">
      <Filter>Body</Filter>
    </ClInclude>
    <ClInclude Include="BodyField.h">
      <Filter>Body</Filter>
    </ClInclude>
    <ClInclude Include="ColourRamp.h">
      <Filter>Body</Filter>
    </ClInclude>
    <ClInclude Include="BodyMeshBuilder.h">
      <Filter>Body</Filter>
    </ClInclude>
    <ClInclude Include="FxVertex.h">
      <Filter>Render</Filter>
    </ClInclude>
    <ClInclude Include="SkyVertex.h">
      <Filter>Render</Filter>
    </ClInclude>
    <ClInclude Include="SkyField.h">
      <Filter>Render</Filter>
    </ClInclude>
    <ClInclude Include="MeshShatter.h">
      <Filter>Render</Filter>
    </ClInclude>
    <ClInclude Include="SpriteParticles.h">
      <Filter>Render</Filter>
    </ClInclude>
    <ClInclude Include="ObjParser.h">
      <Filter>Render</Filter>
    </ClInclude>
    <ClInclude Include="GpuHelpers.h">
      <Filter>Render</Filter>
    </ClInclude>
    <ClInclude Include="GpuDevice.h">
      <Filter>Render</Filter>
    </ClInclude>
    <ClInclude Include="SceneRenderer.h">
      <Filter>Render</Filter>
    </ClInclude>
    <ClInclude Include="BodyRenderer.h">
      <Filter>Body</Filter>
    </ClInclude>
    <ClInclude Include="FxRenderer.h">
      <Filter>Render</Filter>
    </ClInclude>
    <ClInclude Include="SkyRenderer.h">
      <Filter>Render</Filter>
    </ClInclude>
    <ClInclude Include="BitmapFont.h">
      <Filter>Render</Filter>
    </ClInclude>
    <ClInclude Include="ScreenImage.h">
      <Filter>Render</Filter>
    </ClInclude>
    <ClInclude Include="TextRenderer.h">
      <Filter>Render</Filter>
    </ClInclude>
    <ClInclude Include="MeshLibrary.h">
      <Filter>Render</Filter>
    </ClInclude>
    <ClInclude Include="Camera.h">
      <Filter>View</Filter>
    </ClInclude>
    <ClInclude Include="PointerEvent.h">
      <Filter>Input</Filter>
    </ClInclude>
    <ClInclude Include="PointerTracker.h">
      <Filter>Input</Filter>
    </ClInclude>
    <ClInclude Include="AppWindow.h">
      <Filter>Input</Filter>
    </ClInclude>
  </ItemGroup>
  <ItemGroup>
    <ClCompile Include="pch.cpp">
      <Filter>Build</Filter>
    </ClCompile>
    <ClCompile Include="DdsImage.cpp">
      <Filter>Render</Filter>
    </ClCompile>
    <ClCompile Include="ObjParser.cpp">
      <Filter>Render</Filter>
    </ClCompile>
    <ClCompile Include="BodyField.cpp">
      <Filter>Body</Filter>
    </ClCompile>
    <ClCompile Include="ColourRamp.cpp">
      <Filter>Body</Filter>
    </ClCompile>
    <ClCompile Include="BodyMeshBuilder.cpp">
      <Filter>Body</Filter>
    </ClCompile>
    <ClCompile Include="MeshShatter.cpp">
      <Filter>Render</Filter>
    </ClCompile>
    <ClCompile Include="SpriteParticles.cpp">
      <Filter>Render</Filter>
    </ClCompile>
    <ClCompile Include="GpuHelpers.cpp">
      <Filter>Render</Filter>
    </ClCompile>
    <ClCompile Include="GpuDevice.cpp">
      <Filter>Render</Filter>
    </ClCompile>
    <ClCompile Include="SceneRenderer.cpp">
      <Filter>Render</Filter>
    </ClCompile>
    <ClCompile Include="BodyRenderer.cpp">
      <Filter>Body</Filter>
    </ClCompile>
    <ClCompile Include="FxRenderer.cpp">
      <Filter>Render</Filter>
    </ClCompile>
    <ClCompile Include="SkyField.cpp">
      <Filter>Render</Filter>
    </ClCompile>
    <ClCompile Include="SkyRenderer.cpp">
      <Filter>Render</Filter>
    </ClCompile>
    <ClCompile Include="BitmapFont.cpp">
      <Filter>Render</Filter>
    </ClCompile>
    <ClCompile Include="ScreenImage.cpp">
      <Filter>Render</Filter>
    </ClCompile>
    <ClCompile Include="TextRenderer.cpp">
      <Filter>Render</Filter>
    </ClCompile>
    <ClCompile Include="MeshLibrary.cpp">
      <Filter>Render</Filter>
    </ClCompile>
    <ClCompile Include="Camera.cpp">
      <Filter>View</Filter>
    </ClCompile>
    <ClCompile Include="PointerTracker.cpp">
      <Filter>Input</Filter>
    </ClCompile>
    <ClCompile Include="AppWindow.cpp">
      <Filter>Input</Filter>
    </ClCompile>
  </ItemGroup>
  <ItemGroup>
    <None Include="packages.config">
      <Filter>Build</Filter>
    </None>
  </ItemGroup>
  <ItemGroup>
    <FxCompile Include="Shaders\BodyBakeMaxCS.hlsl">
      <Filter>Shaders</Filter>
    </FxCompile>
    <FxCompile Include="Shaders\BodyBakeCS.hlsl">
      <Filter>Shaders</Filter>
    </FxCompile>
    <FxCompile Include="Shaders\BodyVS.hlsl">
      <Filter>Shaders</Filter>
    </FxCompile>
    <FxCompile Include="Shaders\BodyPS.hlsl">
      <Filter>Shaders</Filter>
    </FxCompile>
    <FxCompile Include="Shaders\BodyOverlayPS.hlsl">
      <Filter>Shaders</Filter>
    </FxCompile>
    <FxCompile Include="Shaders\SceneVS.hlsl">
      <Filter>Shaders</Filter>
    </FxCompile>
    <FxCompile Include="Shaders\ScenePS.hlsl">
      <Filter>Shaders</Filter>
    </FxCompile>
    <FxCompile Include="Shaders\DecalVS.hlsl">
      <Filter>Shaders</Filter>
    </FxCompile>
    <FxCompile Include="Shaders\DecalPS.hlsl">
      <Filter>Shaders</Filter>
    </FxCompile>
    <FxCompile Include="Shaders\TextVS.hlsl">
      <Filter>Shaders</Filter>
    </FxCompile>
    <FxCompile Include="Shaders\TextPS.hlsl">
      <Filter>Shaders</Filter>
    </FxCompile>
    <FxCompile Include="Shaders\FxFragmentVS.hlsl">
      <Filter>Shaders</Filter>
    </FxCompile>
    <FxCompile Include="Shaders\FxFragmentPS.hlsl">
      <Filter>Shaders</Filter>
    </FxCompile>
    <FxCompile Include="Shaders\FxSpriteVS.hlsl">
      <Filter>Shaders</Filter>
    </FxCompile>
    <FxCompile Include="Shaders\FxSpritePS.hlsl">
      <Filter>Shaders</Filter>
    </FxCompile>
    <FxCompile Include="Shaders\SkyVS.hlsl">
      <Filter>Shaders</Filter>
    </FxCompile>
    <FxCompile Include="Shaders\SkyPS.hlsl">
      <Filter>Shaders</Filter>
    </FxCompile>
    <FxCompile Include="Shaders\PlanetVS.hlsl">
      <Filter>Shaders</Filter>
    </FxCompile>
    <FxCompile Include="Shaders\PlanetPS.hlsl">
      <Filter>Shaders</Filter>
    </FxCompile>
  </ItemGroup>
  <ItemGroup>
    <None Include="Shaders\BodyBake.hlsli">
      <Filter>Shaders</Filter>
    </None>
    <None Include="Shaders\Body.hlsli">
      <Filter>Shaders</Filter>
    </None>
    <None Include="Shaders\Scene.hlsli">
      <Filter>Shaders</Filter>
    </None>
    <None Include="Shaders\Decal.hlsli">
      <Filter>Shaders</Filter>
    </None>
    <None Include="Shaders\Text.hlsli">
      <Filter>Shaders</Filter>
    </None>
    <None Include="Shaders\Fx.hlsli">
      <Filter>Shaders</Filter>
    </None>
    <None Include="Shaders\Sky.hlsli">
      <Filter>Shaders</Filter>
    </None>
    <None Include="Shaders\Planet.hlsli">
      <Filter>Shaders</Filter>
    </None>
  </ItemGroup>
  <ItemGroup>
    <Natvis Include="$(MSBuildThisFileDirectory)..\..\natvis\wil.natvis" />
    <Natvis Include="$(MSBuildThisFileDirectory)..\..\natvis\wil.natstepfilter" />
  </ItemGroup>
</Project>