<?xml version="1.0" encoding="utf-8"?>
<Project ToolsVersion="4.0" xmlns="http://schemas.microsoft.com/developer/msbuild/2003">
  <ItemGroup>
    <Filter Include="Host">
      <UniqueIdentifier>{4c7e2a06-9b13-4f8d-a250-6e83c1d7940b}</UniqueIdentifier>
    </Filter>
    <Filter Include="Build">
      <UniqueIdentifier>{8d1f5b40-2c76-4e93-9a08-b5237e6c0af1}</UniqueIdentifier>
    </Filter>
  </ItemGroup>
  <ItemGroup>
    <ClInclude Include="pch.h">
      <Filter>Build</Filter>
    </ClInclude>
    <ClInclude Include="NeuronServer.h">
      <Filter>Build</Filter>
    </ClInclude>
    <ClInclude Include="Simulation.h">
      <Filter>Host</Filter>
    </ClInclude>
    <ClInclude Include="ServerHost.h">
      <Filter>Host</Filter>
    </ClInclude>
  </ItemGroup>
  <ItemGroup>
    <ClCompile Include="pch.cpp">
      <Filter>Build</Filter>
    </ClCompile>
    <ClCompile Include="ServerHost.cpp">
      <Filter>Host</Filter>
    </ClCompile>
  </ItemGroup>
  <ItemGroup>
    <None Include="packages.config">
      <Filter>Build</Filter>
    </None>
  </ItemGroup>
</Project>
