<?xml version="1.0" encoding="utf-8"?>
<Project ToolsVersion="4.0" xmlns="http://schemas.microsoft.com/developer/msbuild/2003">
  <ItemGroup>
    <Filter Include="Tests">
      <UniqueIdentifier>{9c06d5b3-e714-4820-af69-138c2b50e7d4}</UniqueIdentifier>
    </Filter>
    <Filter Include="Project Files">
      <UniqueIdentifier>{7a3b12e5-c869-4f04-b25d-e6910c48a37f}</UniqueIdentifier>
    </Filter>
  </ItemGroup>
  <ItemGroup>
    <ClInclude Include="pch.h">
      <Filter>Project Files</Filter>
    </ClInclude>
  </ItemGroup>
  <ItemGroup>
    <ClCompile Include="pch.cpp">
      <Filter>Project Files</Filter>
    </ClCompile>
    <ClCompile Include="FormationTests.cpp">
      <Filter>Tests</Filter>
    </ClCompile>
    <ClCompile Include="HullSpecTests.cpp">
      <Filter>Tests</Filter>
    </ClCompile>
    <ClCompile Include="InterestTests.cpp">
      <Filter>Tests</Filter>
    </ClCompile>
    <ClCompile Include="MovementTests.cpp">
      <Filter>Tests</Filter>
    </ClCompile>
    <ClCompile Include="AvoidanceTests.cpp">
      <Filter>Tests</Filter>
    </ClCompile>
    <ClCompile Include="CollisionTests.cpp">
      <Filter>Tests</Filter>
    </ClCompile>
    <ClCompile Include="OrderTests.cpp">
      <Filter>Tests</Filter>
    </ClCompile>
    <ClCompile Include="PathfindingTests.cpp">
      <Filter>Tests</Filter>
    </ClCompile>
    <ClCompile Include="PatrolTests.cpp">
      <Filter>Tests</Filter>
    </ClCompile>
    <ClCompile Include="StationTests.cpp">
      <Filter>Tests</Filter>
    </ClCompile>
    <ClCompile Include="DockingTests.cpp">
      <Filter>Tests</Filter>
    </ClCompile>
    <ClCompile Include="ProtectorTests.cpp">
      <Filter>Tests</Filter>
    </ClCompile>
    <ClCompile Include="BackOffTests.cpp">
      <Filter>Tests</Filter>
    </ClCompile>
    <ClCompile Include="UniverseLayoutTests.cpp">
      <Filter>Tests</Filter>
    </ClCompile>
    <ClCompile Include="PublisherTests.cpp">
      <Filter>Tests</Filter>
    </ClCompile>
    <ClCompile Include="SeparationTests.cpp">
      <Filter>Tests</Filter>
    </ClCompile>
    <ClCompile Include="EntityIdentityTests.cpp">
      <Filter>Tests</Filter>
    </ClCompile>
    <ClCompile Include="SectorTests.cpp">
      <Filter>Tests</Filter>
    </ClCompile>
    <ClCompile Include="SnapshotTests.cpp">
      <Filter>Tests</Filter>
    </ClCompile>
    <ClCompile Include="SpatialIndexTests.cpp">
      <Filter>Tests</Filter>
    </ClCompile>
    <ClCompile Include="WorldStateTests.cpp">
      <Filter>Tests</Filter>
    </ClCompile>
    <ClCompile Include="WorldTests.cpp">
      <Filter>Tests</Filter>
    </ClCompile>
  </ItemGroup>
  <ItemGroup>
    <None Include="packages.config">
      <Filter>Project Files</Filter>
    </None>
  </ItemGroup>
</Project>
