<?xml version="1.0" encoding="utf-8"?>
<Project ToolsVersion="4.0" xmlns="http://schemas.microsoft.com/developer/msbuild/2003">
  <ItemGroup>
    <Filter Include="Tests">
      <UniqueIdentifier>{6b23f80e-95c7-4a19-b3d2-7e08c4165fa9}</UniqueIdentifier>
    </Filter>
    <Filter Include="Project Files">
      <UniqueIdentifier>{d3e51a72-08b4-46cf-9127-5a6e0bd39c84}</UniqueIdentifier>
    </Filter>
  </ItemGroup>
  <ItemGroup>
    <ClInclude Include="pch.h">
      <Filter>Project Files</Filter>
    </ClInclude>
  </ItemGroup>
  <ItemGroup>
    <ClCompile Include="pch.cpp">
      <Filter>Project Files</Filter>
    </ClCompile>
    <ClCompile Include="CameraTests.cpp">
      <Filter>Tests</Filter>
    </ClCompile>
    <ClCompile Include="DdsImageTests.cpp">
      <Filter>Tests</Filter>
    </ClCompile>
    <ClCompile Include="ObjParserTests.cpp">
      <Filter>Tests</Filter>
    </ClCompile>
    <ClCompile Include="MeshShatterTests.cpp">
      <Filter>Tests</Filter>
    </ClCompile>
    <ClCompile Include="SpriteParticlesTests.cpp">
      <Filter>Tests</Filter>
    </ClCompile>
  </ItemGroup>
  <ItemGroup>
    <None Include="packages.config">
      <Filter>Project Files</Filter>
    </None>
  </ItemGroup>
</Project>
