<?xml version="1.0" encoding="utf-8"?>
<Project ToolsVersion="4.0" xmlns="http://schemas.microsoft.com/developer/msbuild/2003">
  <ItemGroup>
    <ClCompile Include="Main.cpp">
      <Filter>Boot</Filter>
    </ClCompile>
    <ClCompile Include="OutpostApp.cpp">
      <Filter>Boot</Filter>
    </ClCompile>
    <ClCompile Include="ShipExplosion.cpp">
      <Filter>View</Filter>
    </ClCompile>
    <ClCompile Include="WorldView.cpp">
      <Filter>View</Filter>
    </ClCompile>
    <ClCompile Include="BodyCatalogue.cpp">
      <Filter>View</Filter>
    </ClCompile>
    <ClCompile Include="Hud.cpp">
      <Filter>View</Filter>
    </ClCompile>
    <ClCompile Include="pch.cpp" />
  </ItemGroup>
  <ItemGroup>
    <ClInclude Include="OutpostApp.h">
      <Filter>Boot</Filter>
    </ClInclude>
    <ClInclude Include="WorldSimulation.h">
      <Filter>Boot</Filter>
    </ClInclude>
    <ClInclude Include="ShipExplosion.h">
      <Filter>View</Filter>
    </ClInclude>
    <ClInclude Include="WorldView.h">
      <Filter>View</Filter>
    </ClInclude>
    <ClInclude Include="Hud.h">
      <Filter>View</Filter>
    </ClInclude>
    <ClInclude Include="EventLog.h">
      <Filter>View</Filter>
    </ClInclude>
    <ClInclude Include="ViewTuning.h">
      <Filter>View</Filter>
    </ClInclude>
    <ClInclude Include="BodyCatalogue.h">
      <Filter>View</Filter>
    </ClInclude>
    <ClInclude Include="pch.h" />
  </ItemGroup>
  <ItemGroup>
    <Image Include="Assets\Wide310x150Logo.scale-200.png">
      <Filter>Assets</Filter>
    </Image>
    <Image Include="Assets\StoreLogo.png">
      <Filter>Assets</Filter>
    </Image>
    <Image Include="Assets\Square150x150Logo.scale-200.png">
      <Filter>Assets</Filter>
    </Image>
    <Image Include="Assets\Square44x44Logo.targetsize-24_altform-unplated.png">
      <Filter>Assets</Filter>
    </Image>
    <Image Include="Assets\Square44x44Logo.scale-200.png">
      <Filter>Assets</Filter>
    </Image>
    <Image Include="Assets\SplashScreen.scale-200.png">
      <Filter>Assets</Filter>
    </Image>
    <Image Include="Assets\LockScreenLogo.scale-200.png">
      <Filter>Assets</Filter>
    </Image>
    <Image Include="Assets\Textures\CloudyGlow.dds">
      <Filter>Assets\Textures</Filter>
    </Image>
    <Image Include="Assets\Terrain\LandscapeContainment.dds">
      <Filter>Assets\Terrain</Filter>
    </Image>
    <Image Include="Assets\Terrain\LandscapeDefault.dds">
      <Filter>Assets\Terrain</Filter>
    </Image>
    <Image Include="Assets\Terrain\LandscapeDesert.dds">
      <Filter>Assets\Terrain</Filter>
    </Image>
    <Image Include="Assets\Terrain\LandscapeEarth.dds">
      <Filter>Assets\Terrain</Filter>
    </Image>
    <Image Include="Assets\Terrain\LandscapeIcecaps.dds">
      <Filter>Assets\Terrain</Filter>
    </Image>
    <Image Include="Assets\Terrain\LandscapeLaunchpad.dds">
      <Filter>Assets\Terrain</Filter>
    </Image>
    <Image Include="Assets\Terrain\LandscapeMine.dds">
      <Filter>Assets\Terrain</Filter>
    </Image>
    <Image Include="Assets\Terrain\LandscapeMine2.dds">
      <Filter>Assets\Terrain</Filter>
    </Image>
    <Image Include="Assets\Textures\Fuel.dds">
      <Filter>Assets\Textures</Filter>
    </Image>
    <Image Include="Assets\Textures\Glow.dds">
      <Filter>Assets\Textures</Filter>
    </Image>
    <Image Include="Assets\Textures\Laser.dds">
      <Filter>Assets\Textures</Filter>
    </Image>
    <Image Include="Assets\Textures\Laserfence.dds">
      <Filter>Assets\Textures</Filter>
    </Image>
    <Image Include="Assets\Textures\Laserfence2.dds">
      <Filter>Assets\Textures</Filter>
    </Image>
    <Image Include="Assets\Textures\Particle.dds">
      <Filter>Assets\Textures</Filter>
    </Image>
    <Image Include="Assets\Textures\RadarSignal.dds">
      <Filter>Assets\Textures</Filter>
    </Image>
    <Image Include="Assets\Textures\ShapeWireframe.dds">
      <Filter>Assets\Textures</Filter>
    </Image>
    <Image Include="Assets\Textures\Starburst.dds">
      <Filter>Assets\Textures</Filter>
    </Image>
    <Image Include="Assets\Textures\TriangleOutline.dds">
      <Filter>Assets\Textures</Filter>
    </Image>
    <Image Include="Assets\Textures\IconResearch.dds">
      <Filter>Assets\Textures</Filter>
    </Image>
    <Image Include="Assets\Textures\IconStorage.dds">
      <Filter>Assets\Textures</Filter>
    </Image>
    <Image Include="Assets\Textures\IconUniverse.dds">
      <Filter>Assets\Textures</Filter>
    </Image>
    <Image Include="Assets\Textures\IconWallet.dds">
      <Filter>Assets\Textures</Filter>
    </Image>
  </ItemGroup>
  <ItemGroup>
    <Filter Include="Assets">
      <UniqueIdentifier>{e901e26f-65e6-494a-aad7-e58e089a729c}</UniqueIdentifier>
    </Filter>
    <Filter Include="Project Files">
      <UniqueIdentifier>{703bfaad-9e3d-4076-9db8-65f1279cc648}</UniqueIdentifier>
    </Filter>
    <Filter Include="Boot">
      <UniqueIdentifier>{c41d78a5-0e93-4b62-8f70-2a5d19c3e847}</UniqueIdentifier>
    </Filter>
    <Filter Include="View">
      <UniqueIdentifier>{5a80e2f7-31c6-4d59-b418-96e0f2a7c53b}</UniqueIdentifier>
    </Filter>
    <Filter Include="Assets\Fonts">
      <UniqueIdentifier>{3bfdf6f4-69ec-4c8c-a609-d2927103d691}</UniqueIdentifier>
    </Filter>
    <Filter Include="Assets\Textures">
      <UniqueIdentifier>{e45d72e2-abf1-46e3-b390-ba3791bcd8d4}</UniqueIdentifier>
    </Filter>
    <Filter Include="Assets\Meshes">
      <UniqueIdentifier>{c32d96e6-7415-4c5b-9d90-bd436fff4c58}</UniqueIdentifier>
    </Filter>
    <Filter Include="Assets\Terrain">
      <UniqueIdentifier>{c1f69d9c-9bd5-4c2d-be50-504e10355cbd}</UniqueIdentifier>
    </Filter>
  </ItemGroup>
  <ItemGroup>
    <Manifest Include="app.manifest">
      <Filter>Project Files</Filter>
    </Manifest>
  </ItemGroup>
  <ItemGroup>
    <None Include="packages.config">
      <Filter>Project Files</Filter>
    </None>
    <None Include="Assets\Meshes\Battleship.mtl">
      <Filter>Assets\Meshes</Filter>
    </None>
    <None Include="Assets\Meshes\Battleship.obj">
      <Filter>Assets\Meshes</Filter>
    </None>
    <None Include="Assets\Meshes\Bomber.mtl">
      <Filter>Assets\Meshes</Filter>
    </None>
    <None Include="Assets\Meshes\Bomber.obj">
      <Filter>Assets\Meshes</Filter>
    </None>
    <None Include="Assets\Meshes\Carrier.mtl">
      <Filter>Assets\Meshes</Filter>
    </None>
    <None Include="Assets\Meshes\Carrier.obj">
      <Filter>Assets\Meshes</Filter>
    </None>
    <None Include="Assets\Meshes\Corvette.obj">
      <Filter>Assets\Meshes</Filter>
    </None>
    <None Include="Assets\Meshes\Frigate.obj">
      <Filter>Assets\Meshes</Filter>
    </None>
    <None Include="Assets\Meshes\Hauler.obj">
      <Filter>Assets\Meshes</Filter>
    </None>
    <None Include="Assets\Meshes\Interceptor.obj">
      <Filter>Assets\Meshes</Filter>
    </None>
    <None Include="Assets\Meshes\Miner.obj">
      <Filter>Assets\Meshes</Filter>
    </None>
    <None Include="Assets\Meshes\Stargate.obj">
      <Filter>Assets\Meshes</Filter>
    </None>
    <None Include="Assets\Meshes\Structure.obj">
      <Filter>Assets\Meshes</Filter>
    </None>
    <None Include="Assets\Meshes\Corvette.mtl">
      <Filter>Assets\Meshes</Filter>
    </None>
    <None Include="Assets\Meshes\Frigate.mtl">
      <Filter>Assets\Meshes</Filter>
    </None>
    <None Include="Assets\Meshes\Hauler.mtl">
      <Filter>Assets\Meshes</Filter>
    </None>
    <None Include="Assets\Meshes\Interceptor.mtl">
      <Filter>Assets\Meshes</Filter>
    </None>
    <None Include="Assets\Meshes\Miner.mtl">
      <Filter>Assets\Meshes</Filter>
    </None>
    <None Include="Assets\Meshes\Stargate.mtl">
      <Filter>Assets\Meshes</Filter>
    </None>
    <None Include="Assets\Meshes\Structure.mtl">
      <Filter>Assets\Meshes</Filter>
    </None>
    <None Include="Assets\Fonts\EditorFont.dds">
      <Filter>Assets\Fonts</Filter>
    </None>
    <None Include="Assets\Fonts\SpeccyFont.dds">
      <Filter>Assets\Fonts</Filter>
    </None>
  </ItemGroup>
  <ItemGroup>
    <AppxManifest Include="Package.appxmanifest">
      <Filter>Project Files</Filter>
    </AppxManifest>
  </ItemGroup>
  <ItemGroup>
    <Natvis Include="$(MSBuildThisFileDirectory)..\..\natvis\wil.natstepfilter">
      <Filter>Project Files</Filter>
    </Natvis>
    <Natvis Include="$(MSBuildThisFileDirectory)..\..\natvis\wil.natvis">
      <Filter>Project Files</Filter>
    </Natvis>
  </ItemGroup>
</Project>