<?xml version="1.0" encoding="utf-8"?>
<Project ToolsVersion="4.0" xmlns="http://schemas.microsoft.com/developer/msbuild/2003">
  <ItemGroup>
    <ClCompile Include="Main.cpp">
      <Filter>Boot</Filter>
    </ClCompile>
    <ClCompile Include="OutpostApp.cpp">
      <Filter>Boot</Filter>
    </ClCompile>
    <ClCompile Include="WorldView.cpp">
      <Filter>View</Filter>
    </ClCompile>
    <ClCompile Include="Hud.cpp">
      <Filter>View</Filter>
    </ClCompile>
    <ClCompile Include="pch.cpp">
      <Filter>Project Files</Filter>
    </ClCompile>
  </ItemGroup>
  <ItemGroup>
    <ClInclude Include="OutpostApp.h">
      <Filter>Boot</Filter>
    </ClInclude>
    <ClInclude Include="WorldSimulation.h">
      <Filter>Boot</Filter>
    </ClInclude>
    <ClInclude Include="WorldView.h">
      <Filter>View</Filter>
    </ClInclude>
    <ClInclude Include="Hud.h">
      <Filter>View</Filter>
    </ClInclude>
    <ClInclude Include="ViewTuning.h">
      <Filter>View</Filter>
    </ClInclude>
    <ClInclude Include="pch.h">
      <Filter>Project Files</Filter>
    </ClInclude>
  </ItemGroup>
  <ItemGroup>
    <Image Include="Assets\Wide310x150Logo.scale-200.png">
      <Filter>Assets</Filter>
    </Image>
    <Image Include="Assets\StoreLogo.png">
      <Filter>Assets</Filter>
    </Image>
    <Image Include="Assets\Square150x150Logo.scale-200.png">
      <Filter>Assets</Filter>
    </Image>
    <Image Include="Assets\Square44x44Logo.targetsize-24_altform-unplated.png">
      <Filter>Assets</Filter>
    </Image>
    <Image Include="Assets\Square44x44Logo.scale-200.png">
      <Filter>Assets</Filter>
    </Image>
    <Image Include="Assets\SplashScreen.scale-200.png">
      <Filter>Assets</Filter>
    </Image>
    <Image Include="Assets\LockScreenLogo.scale-200.png">
      <Filter>Assets</Filter>
    </Image>
    <Image Include="Assets\Terrain\LandscapeContainment.dds" />
    <Image Include="Assets\Terrain\LandscapeDefault.dds" />
    <Image Include="Assets\Terrain\LandscapeDesert.dds" />
    <Image Include="Assets\Terrain\LandscapeEarth.dds" />
    <Image Include="Assets\Terrain\LandscapeIcecaps.dds" />
    <Image Include="Assets\Terrain\LandscapeLaunchpad.dds" />
    <Image Include="Assets\Terrain\LandscapeMine.dds" />
    <Image Include="Assets\Terrain\LandscapeMine2.dds" />
    <Image Include="Assets\Textures\CloudyGlow.dds" />
    <Image Include="Assets\Textures\Fuel.dds" />
    <Image Include="Assets\Textures\Glow.dds" />
    <Image Include="Assets\Textures\Laser.dds" />
    <Image Include="Assets\Textures\Laserfence.dds" />
    <Image Include="Assets\Textures\Laserfence2.dds" />
    <Image Include="Assets\Textures\Particle.dds" />
    <Image Include="Assets\Textures\RadarSignal.dds" />
    <Image Include="Assets\Textures\ShapeWireframe.dds" />
    <Image Include="Assets\Textures\Starburst.dds" />
    <Image Include="Assets\Textures\TriangleOutline.dds" />
  </ItemGroup>
  <ItemGroup>
    <Filter Include="Assets">
      <UniqueIdentifier>{e901e26f-65e6-494a-aad7-e58e089a729c}</UniqueIdentifier>
    </Filter>
    <Filter Include="Project Files">
      <UniqueIdentifier>{703bfaad-9e3d-4076-9db8-65f1279cc648}</UniqueIdentifier>
    </Filter>
    <Filter Include="Boot">
      <UniqueIdentifier>{c41d78a5-0e93-4b62-8f70-2a5d19c3e847}</UniqueIdentifier>
    </Filter>
    <Filter Include="View">
      <UniqueIdentifier>{5a80e2f7-31c6-4d59-b418-96e0f2a7c53b}</UniqueIdentifier>
    </Filter>
  </ItemGroup>
  <ItemGroup>
    <Manifest Include="app.manifest">
      <Filter>Project Files</Filter>
    </Manifest>
  </ItemGroup>
  <ItemGroup>
    <None Include="packages.config">
      <Filter>Project Files</Filter>
    </None>
    <None Include="Assets\Fonts\EditorFont.dds" />
    <None Include="Assets\Fonts\SpeccyFont.dds" />
    <None Include="Assets\Meshes\Battleship.mtl" />
    <None Include="Assets\Meshes\Bomber.mtl" />
    <None Include="Assets\Meshes\Carrier.mtl" />
    <None Include="Assets\Meshes\Corvette.mtl" />
    <None Include="Assets\Meshes\Frigate.mtl" />
    <None Include="Assets\Meshes\Hauler.mtl" />
    <None Include="Assets\Meshes\Interceptor.mtl" />
    <None Include="Assets\Meshes\Miner.mtl" />
    <None Include="Assets\Meshes\Stargate.mtl" />
    <None Include="Assets\Meshes\Structure.mtl" />
    <None Include="Assets\Meshes\Battleship.obj" />
    <None Include="Assets\Meshes\Bomber.obj" />
    <None Include="Assets\Meshes\Carrier.obj" />
    <None Include="Assets\Meshes\Corvette.obj" />
    <None Include="Assets\Meshes\Frigate.obj" />
    <None Include="Assets\Meshes\Hauler.obj" />
    <None Include="Assets\Meshes\Interceptor.obj" />
    <None Include="Assets\Meshes\Miner.obj" />
    <None Include="Assets\Meshes\Stargate.obj" />
    <None Include="Assets\Meshes\Structure.obj" />
  </ItemGroup>
  <ItemGroup>
    <AppxManifest Include="Package.appxmanifest">
      <Filter>Project Files</Filter>
    </AppxManifest>
  </ItemGroup>
  <ItemGroup>
    <Natvis Include="$(MSBuildThisFileDirectory)..\..\natvis\wil.natvis" />
    <Natvis Include="$(MSBuildThisFileDirectory)..\..\natvis\wil.natstepfilter" />
  </ItemGroup>
</Project>